// !$*UTF8*$!
{
	archiveVersion = 1;
	classes = {
	};
	objectVersion = 48;
	objects = {

/* Begin PBXBuildFile section */
		3747C8A0203E840200171FCF /* PlayEventViewModelSourceObserver.swift in Sources */ = {isa = PBXBuildFile; fileRef = 3747C89F203E840200171FCF /* PlayEventViewModelSourceObserver.swift */; };
		3747C8A2203E842900171FCF /* PlayEventViewModelSource.swift in Sources */ = {isa = PBXBuildFile; fileRef = 3747C8A1203E842900171FCF /* PlayEventViewModelSource.swift */; };
		3747C8A4203E84C400171FCF /* PlayEventViewModel.swift in Sources */ = {isa = PBXBuildFile; fileRef = 3747C8A3203E84C400171FCF /* PlayEventViewModel.swift */; };
		3747C8A6203EA0E600171FCF /* PlayEventView.swift in Sources */ = {isa = PBXBuildFile; fileRef = 3747C8A5203EA0E600171FCF /* PlayEventView.swift */; };
		3747C8A82044724D00171FCF /* ConstantStrings.swift in Sources */ = {isa = PBXBuildFile; fileRef = 3747C8A72044724D00171FCF /* ConstantStrings.swift */; };
		3747C8AF2045C1A800171FCF /* UIView+Anchors.swift in Sources */ = {isa = PBXBuildFile; fileRef = 3747C8AE2045C1A800171FCF /* UIView+Anchors.swift */; };
		3758DE26205DC0D1004C55A2 /* SetPhotoEventDetailDelegate.swift in Sources */ = {isa = PBXBuildFile; fileRef = 3758DE25205DC0D1004C55A2 /* SetPhotoEventDetailDelegate.swift */; };
		3758DE2820609440004C55A2 /* EditEventDetailViewController.swift in Sources */ = {isa = PBXBuildFile; fileRef = 3758DE2720609440004C55A2 /* EditEventDetailViewController.swift */; };
		37776645204DB260006699DD /* DropDownListButton.swift in Sources */ = {isa = PBXBuildFile; fileRef = 37776644204DB25F006699DD /* DropDownListButton.swift */; };
		37776649204E0B27006699DD /* PlayPreviewEventViewController.swift in Sources */ = {isa = PBXBuildFile; fileRef = 37776648204E0B27006699DD /* PlayPreviewEventViewController.swift */; };
		3777664B204E0D14006699DD /* DropDownSelectionDelegate.swift in Sources */ = {isa = PBXBuildFile; fileRef = 3777664A204E0D14006699DD /* DropDownSelectionDelegate.swift */; };
		377B6EA0202C026200AFD85C /* AppDelegate.swift in Sources */ = {isa = PBXBuildFile; fileRef = 377B6E9F202C026200AFD85C /* AppDelegate.swift */; };
		377B6EA2202C026200AFD85C /* HomeViewController.swift in Sources */ = {isa = PBXBuildFile; fileRef = 377B6EA1202C026200AFD85C /* HomeViewController.swift */; };
		377B6EA5202C026200AFD85C /* Main.storyboard in Resources */ = {isa = PBXBuildFile; fileRef = 377B6EA3202C026200AFD85C /* Main.storyboard */; };
		377B6EA7202C026200AFD85C /* Assets.xcassets in Resources */ = {isa = PBXBuildFile; fileRef = 377B6EA6202C026200AFD85C /* Assets.xcassets */; };
		377B6EAA202C026200AFD85C /* LaunchScreen.storyboard in Resources */ = {isa = PBXBuildFile; fileRef = 377B6EA8202C026200AFD85C /* LaunchScreen.storyboard */; };
		377B6EB2202C071600AFD85C /* GoogleService-Info.plist in Resources */ = {isa = PBXBuildFile; fileRef = 377B6EB1202C071600AFD85C /* GoogleService-Info.plist */; };
		377B6EB7202C19B800AFD85C /* CreateEventViewContoller.swift in Sources */ = {isa = PBXBuildFile; fileRef = 377B6EB6202C19B800AFD85C /* CreateEventViewContoller.swift */; };
		377B6EB9202C1A2A00AFD85C /* JoinEventViewController.swift in Sources */ = {isa = PBXBuildFile; fileRef = 377B6EB8202C1A2A00AFD85C /* JoinEventViewController.swift */; };
		377B6EBB202CEC6200AFD85C /* PlayEventViewController.swift in Sources */ = {isa = PBXBuildFile; fileRef = 377B6EBA202CEC6200AFD85C /* PlayEventViewController.swift */; };
		377B6F00202FE5A500AFD85C /* BaseViewController.swift in Sources */ = {isa = PBXBuildFile; fileRef = 377B6EFF202FE5A500AFD85C /* BaseViewController.swift */; };
		377B6F02202FF11B00AFD85C /* String+random.swift in Sources */ = {isa = PBXBuildFile; fileRef = 377B6F01202FF11B00AFD85C /* String+random.swift */; };
		377B6F04202FF57800AFD85C /* Colors.swift in Sources */ = {isa = PBXBuildFile; fileRef = 377B6F03202FF57800AFD85C /* Colors.swift */; };
		377B6F062030027D00AFD85C /* EventDetailViewController.swift in Sources */ = {isa = PBXBuildFile; fileRef = 377B6F052030027D00AFD85C /* EventDetailViewController.swift */; };
		377B6F09203009B900AFD85C /* EventViewModel.swift in Sources */ = {isa = PBXBuildFile; fileRef = 377B6F08203009B900AFD85C /* EventViewModel.swift */; };
		377B6F0C20300E1C00AFD85C /* Event.swift in Sources */ = {isa = PBXBuildFile; fileRef = 377B6F0B20300E1C00AFD85C /* Event.swift */; };
		378AB09F2064B1FE0074E4B7 /* PhotoEventDetail.swift in Sources */ = {isa = PBXBuildFile; fileRef = 378AB09E2064B1FE0074E4B7 /* PhotoEventDetail.swift */; };
		378AB0A12064B3630074E4B7 /* AnimationEventDetail.swift in Sources */ = {isa = PBXBuildFile; fileRef = 378AB0A02064B3630074E4B7 /* AnimationEventDetail.swift */; };
		378AB0A32064B3700074E4B7 /* TextEventDetail.swift in Sources */ = {isa = PBXBuildFile; fileRef = 378AB0A22064B3700074E4B7 /* TextEventDetail.swift */; };
		378AB0A52064B65F0074E4B7 /* TextEventDetailViewController.swift in Sources */ = {isa = PBXBuildFile; fileRef = 378AB0A42064B65F0074E4B7 /* TextEventDetailViewController.swift */; };
		378AB0A72064B6730074E4B7 /* PhotoEventDetailViewController.swift in Sources */ = {isa = PBXBuildFile; fileRef = 378AB0A62064B6730074E4B7 /* PhotoEventDetailViewController.swift */; };
		378AB0A92064B68A0074E4B7 /* AnimationEventDetailViewController.swift in Sources */ = {isa = PBXBuildFile; fileRef = 378AB0A82064B68A0074E4B7 /* AnimationEventDetailViewController.swift */; };
		378AB0AB2065A7820074E4B7 /* TextPlayEventViewController.swift in Sources */ = {isa = PBXBuildFile; fileRef = 378AB0AA2065A7820074E4B7 /* TextPlayEventViewController.swift */; };
		378AB0AD2065A79B0074E4B7 /* PhotoPlayEventViewController.swift in Sources */ = {isa = PBXBuildFile; fileRef = 378AB0AC2065A79B0074E4B7 /* PhotoPlayEventViewController.swift */; };
		378AB0AF2065A7A80074E4B7 /* AnimationPlayEventViewController.swift in Sources */ = {isa = PBXBuildFile; fileRef = 378AB0AE2065A7A80074E4B7 /* AnimationPlayEventViewController.swift */; };
		378AB0B12065B9930074E4B7 /* TextPlayEventView.swift in Sources */ = {isa = PBXBuildFile; fileRef = 378AB0B02065B9930074E4B7 /* TextPlayEventView.swift */; };
		378AB0B32065B9AA0074E4B7 /* PhotoPlayEventView.swift in Sources */ = {isa = PBXBuildFile; fileRef = 378AB0B22065B9AA0074E4B7 /* PhotoPlayEventView.swift */; };
		378AB0B52065B9BD0074E4B7 /* AnimationPlayEventView.swift in Sources */ = {isa = PBXBuildFile; fileRef = 378AB0B42065B9BD0074E4B7 /* AnimationPlayEventView.swift */; };
		37C2C5C62039F46000032927 /* EventDetail.swift in Sources */ = {isa = PBXBuildFile; fileRef = 37C2C5C52039F46000032927 /* EventDetail.swift */; };
		37C2C5C82039F5AD00032927 /* EventDetailViewModel.swift in Sources */ = {isa = PBXBuildFile; fileRef = 37C2C5C72039F5AD00032927 /* EventDetailViewModel.swift */; };
		37D011B1204755B000739B62 /* Canvas.framework in Frameworks */ = {isa = PBXBuildFile; fileRef = 37D011B2204755B000739B62 /* Canvas.framework */; };
		37D011B5204891BB00739B62 /* CloudKit.framework in Frameworks */ = {isa = PBXBuildFile; fileRef = 37D011B4204891BB00739B62 /* CloudKit.framework */; };
		37D011B720489F2700739B62 /* UserDefaultICloudViewModel.swift in Sources */ = {isa = PBXBuildFile; fileRef = 37D011B620489F2700739B62 /* UserDefaultICloudViewModel.swift */; };
		37E8D3FD204F34FF008D83B1 /* ImageUploadManager.swift in Sources */ = {isa = PBXBuildFile; fileRef = 37E8D3FC204F34FF008D83B1 /* ImageUploadManager.swift */; };
		37E8D4072051BAF4008D83B1 /* Swift+GIF.swift in Sources */ = {isa = PBXBuildFile; fileRef = 37E8D4062051BAF3008D83B1 /* Swift+GIF.swift */; };
		37E8D41D205456EB008D83B1 /* candle1.gif in Resources */ = {isa = PBXBuildFile; fileRef = 37E8D410205456E9008D83B1 /* candle1.gif */; };
		37E8D41E205456EB008D83B1 /* flag1.gif in Resources */ = {isa = PBXBuildFile; fileRef = 37E8D411205456E9008D83B1 /* flag1.gif */; };
		37E8D41F205456EB008D83B1 /* colors1.gif in Resources */ = {isa = PBXBuildFile; fileRef = 37E8D412205456E9008D83B1 /* colors1.gif */; };
		37E8D420205456EB008D83B1 /* firework1.gif in Resources */ = {isa = PBXBuildFile; fileRef = 37E8D413205456E9008D83B1 /* firework1.gif */; };
		37E8D421205456EB008D83B1 /* firework2.gif in Resources */ = {isa = PBXBuildFile; fileRef = 37E8D414205456E9008D83B1 /* firework2.gif */; };
		37E8D422205456EB008D83B1 /* heart3.gif in Resources */ = {isa = PBXBuildFile; fileRef = 37E8D415205456E9008D83B1 /* heart3.gif */; };
		37E8D423205456EB008D83B1 /* colors2.gif in Resources */ = {isa = PBXBuildFile; fileRef = 37E8D416205456EA008D83B1 /* colors2.gif */; };
		37E8D424205456EB008D83B1 /* birthday1.gif in Resources */ = {isa = PBXBuildFile; fileRef = 37E8D417205456EA008D83B1 /* birthday1.gif */; };
		37E8D425205456EB008D83B1 /* heart4.gif in Resources */ = {isa = PBXBuildFile; fileRef = 37E8D418205456EA008D83B1 /* heart4.gif */; };
		37E8D426205456EB008D83B1 /* heart1.gif in Resources */ = {isa = PBXBuildFile; fileRef = 37E8D419205456EA008D83B1 /* heart1.gif */; };
		37E8D427205456EB008D83B1 /* heart2.gif in Resources */ = {isa = PBXBuildFile; fileRef = 37E8D41A205456EA008D83B1 /* heart2.gif */; };
		37E8D428205456EB008D83B1 /* heart5.gif in Resources */ = {isa = PBXBuildFile; fileRef = 37E8D41B205456EA008D83B1 /* heart5.gif */; };
		37E8D429205456EB008D83B1 /* laser1.gif in Resources */ = {isa = PBXBuildFile; fileRef = 37E8D41C205456EA008D83B1 /* laser1.gif */; };
		37E8D42B2054A99F008D83B1 /* RightMenuView.swift in Sources */ = {isa = PBXBuildFile; fileRef = 37E8D42A2054A99D008D83B1 /* RightMenuView.swift */; };
		96D4D7E981DC8AF308263B0E /* Pods_ScreenBoom.framework in Frameworks */ = {isa = PBXBuildFile; fileRef = FE93307027B98A2F26B9E5C1 /* Pods_ScreenBoom.framework */; };
/* End PBXBuildFile section */

/* Begin PBXFileReference section */
		3747C89F203E840200171FCF /* PlayEventViewModelSourceObserver.swift */ = {isa = PBXFileReference; lastKnownFileType = sourcecode.swift; path = PlayEventViewModelSourceObserver.swift; sourceTree = "<group>"; };
		3747C8A1203E842900171FCF /* PlayEventViewModelSource.swift */ = {isa = PBXFileReference; lastKnownFileType = sourcecode.swift; path = PlayEventViewModelSource.swift; sourceTree = "<group>"; };
		3747C8A3203E84C400171FCF /* PlayEventViewModel.swift */ = {isa = PBXFileReference; lastKnownFileType = sourcecode.swift; path = PlayEventViewModel.swift; sourceTree = "<group>"; };
		3747C8A5203EA0E600171FCF /* PlayEventView.swift */ = {isa = PBXFileReference; lastKnownFileType = sourcecode.swift; path = PlayEventView.swift; sourceTree = "<group>"; };
		3747C8A72044724D00171FCF /* ConstantStrings.swift */ = {isa = PBXFileReference; lastKnownFileType = sourcecode.swift; path = ConstantStrings.swift; sourceTree = "<group>"; };
		3747C8AE2045C1A800171FCF /* UIView+Anchors.swift */ = {isa = PBXFileReference; lastKnownFileType = sourcecode.swift; path = "UIView+Anchors.swift"; sourceTree = "<group>"; };
		3758DE25205DC0D1004C55A2 /* SetPhotoEventDetailDelegate.swift */ = {isa = PBXFileReference; lastKnownFileType = sourcecode.swift; path = SetPhotoEventDetailDelegate.swift; sourceTree = "<group>"; };
		3758DE2720609440004C55A2 /* EditEventDetailViewController.swift */ = {isa = PBXFileReference; lastKnownFileType = sourcecode.swift; path = EditEventDetailViewController.swift; sourceTree = "<group>"; };
		37776644204DB25F006699DD /* DropDownListButton.swift */ = {isa = PBXFileReference; fileEncoding = 4; lastKnownFileType = sourcecode.swift; path = DropDownListButton.swift; sourceTree = "<group>"; };
		37776648204E0B27006699DD /* PlayPreviewEventViewController.swift */ = {isa = PBXFileReference; lastKnownFileType = sourcecode.swift; path = PlayPreviewEventViewController.swift; sourceTree = "<group>"; };
		3777664A204E0D14006699DD /* DropDownSelectionDelegate.swift */ = {isa = PBXFileReference; lastKnownFileType = sourcecode.swift; path = DropDownSelectionDelegate.swift; sourceTree = "<group>"; };
		377B6E9C202C026200AFD85C /* ScreenBoom.app */ = {isa = PBXFileReference; explicitFileType = wrapper.application; includeInIndex = 0; path = ScreenBoom.app; sourceTree = BUILT_PRODUCTS_DIR; };
		377B6E9F202C026200AFD85C /* AppDelegate.swift */ = {isa = PBXFileReference; lastKnownFileType = sourcecode.swift; path = AppDelegate.swift; sourceTree = "<group>"; };
		377B6EA1202C026200AFD85C /* HomeViewController.swift */ = {isa = PBXFileReference; lastKnownFileType = sourcecode.swift; path = HomeViewController.swift; sourceTree = "<group>"; };
		377B6EA4202C026200AFD85C /* Base */ = {isa = PBXFileReference; lastKnownFileType = file.storyboard; name = Base; path = Base.lproj/Main.storyboard; sourceTree = "<group>"; };
		377B6EA6202C026200AFD85C /* Assets.xcassets */ = {isa = PBXFileReference; lastKnownFileType = folder.assetcatalog; path = Assets.xcassets; sourceTree = "<group>"; };
		377B6EA9202C026200AFD85C /* Base */ = {isa = PBXFileReference; lastKnownFileType = file.storyboard; name = Base; path = Base.lproj/LaunchScreen.storyboard; sourceTree = "<group>"; };
		377B6EAB202C026200AFD85C /* Info.plist */ = {isa = PBXFileReference; lastKnownFileType = text.plist.xml; path = Info.plist; sourceTree = "<group>"; };
		377B6EB1202C071600AFD85C /* GoogleService-Info.plist */ = {isa = PBXFileReference; fileEncoding = 4; lastKnownFileType = text.plist.xml; path = "GoogleService-Info.plist"; sourceTree = "<group>"; };
		377B6EB6202C19B800AFD85C /* CreateEventViewContoller.swift */ = {isa = PBXFileReference; lastKnownFileType = sourcecode.swift; path = CreateEventViewContoller.swift; sourceTree = "<group>"; };
		377B6EB8202C1A2A00AFD85C /* JoinEventViewController.swift */ = {isa = PBXFileReference; lastKnownFileType = sourcecode.swift; path = JoinEventViewController.swift; sourceTree = "<group>"; };
		377B6EBA202CEC6200AFD85C /* PlayEventViewController.swift */ = {isa = PBXFileReference; lastKnownFileType = sourcecode.swift; path = PlayEventViewController.swift; sourceTree = "<group>"; };
		377B6EFF202FE5A500AFD85C /* BaseViewController.swift */ = {isa = PBXFileReference; lastKnownFileType = sourcecode.swift; path = BaseViewController.swift; sourceTree = "<group>"; };
		377B6F01202FF11B00AFD85C /* String+random.swift */ = {isa = PBXFileReference; lastKnownFileType = sourcecode.swift; path = "String+random.swift"; sourceTree = "<group>"; };
		377B6F03202FF57800AFD85C /* Colors.swift */ = {isa = PBXFileReference; lastKnownFileType = sourcecode.swift; path = Colors.swift; sourceTree = "<group>"; };
		377B6F052030027D00AFD85C /* EventDetailViewController.swift */ = {isa = PBXFileReference; lastKnownFileType = sourcecode.swift; path = EventDetailViewController.swift; sourceTree = "<group>"; };
		377B6F08203009B900AFD85C /* EventViewModel.swift */ = {isa = PBXFileReference; lastKnownFileType = sourcecode.swift; path = EventViewModel.swift; sourceTree = "<group>"; };
		377B6F0B20300E1C00AFD85C /* Event.swift */ = {isa = PBXFileReference; lastKnownFileType = sourcecode.swift; path = Event.swift; sourceTree = "<group>"; };
		378AB09E2064B1FE0074E4B7 /* PhotoEventDetail.swift */ = {isa = PBXFileReference; lastKnownFileType = sourcecode.swift; path = PhotoEventDetail.swift; sourceTree = "<group>"; };
		378AB0A02064B3630074E4B7 /* AnimationEventDetail.swift */ = {isa = PBXFileReference; lastKnownFileType = sourcecode.swift; path = AnimationEventDetail.swift; sourceTree = "<group>"; };
		378AB0A22064B3700074E4B7 /* TextEventDetail.swift */ = {isa = PBXFileReference; lastKnownFileType = sourcecode.swift; path = TextEventDetail.swift; sourceTree = "<group>"; };
		378AB0A42064B65F0074E4B7 /* TextEventDetailViewController.swift */ = {isa = PBXFileReference; lastKnownFileType = sourcecode.swift; path = TextEventDetailViewController.swift; sourceTree = "<group>"; };
		378AB0A62064B6730074E4B7 /* PhotoEventDetailViewController.swift */ = {isa = PBXFileReference; lastKnownFileType = sourcecode.swift; path = PhotoEventDetailViewController.swift; sourceTree = "<group>"; };
		378AB0A82064B68A0074E4B7 /* AnimationEventDetailViewController.swift */ = {isa = PBXFileReference; lastKnownFileType = sourcecode.swift; path = AnimationEventDetailViewController.swift; sourceTree = "<group>"; };
		378AB0AA2065A7820074E4B7 /* TextPlayEventViewController.swift */ = {isa = PBXFileReference; lastKnownFileType = sourcecode.swift; path = TextPlayEventViewController.swift; sourceTree = "<group>"; };
		378AB0AC2065A79B0074E4B7 /* PhotoPlayEventViewController.swift */ = {isa = PBXFileReference; lastKnownFileType = sourcecode.swift; path = PhotoPlayEventViewController.swift; sourceTree = "<group>"; };
		378AB0AE2065A7A80074E4B7 /* AnimationPlayEventViewController.swift */ = {isa = PBXFileReference; lastKnownFileType = sourcecode.swift; path = AnimationPlayEventViewController.swift; sourceTree = "<group>"; };
		378AB0B02065B9930074E4B7 /* TextPlayEventView.swift */ = {isa = PBXFileReference; lastKnownFileType = sourcecode.swift; path = TextPlayEventView.swift; sourceTree = "<group>"; };
		378AB0B22065B9AA0074E4B7 /* PhotoPlayEventView.swift */ = {isa = PBXFileReference; lastKnownFileType = sourcecode.swift; path = PhotoPlayEventView.swift; sourceTree = "<group>"; };
		378AB0B42065B9BD0074E4B7 /* AnimationPlayEventView.swift */ = {isa = PBXFileReference; lastKnownFileType = sourcecode.swift; path = AnimationPlayEventView.swift; sourceTree = "<group>"; };
		37C2C5C52039F46000032927 /* EventDetail.swift */ = {isa = PBXFileReference; lastKnownFileType = sourcecode.swift; path = EventDetail.swift; sourceTree = "<group>"; };
		37C2C5C72039F5AD00032927 /* EventDetailViewModel.swift */ = {isa = PBXFileReference; lastKnownFileType = sourcecode.swift; path = EventDetailViewModel.swift; sourceTree = "<group>"; };
		37D011B2204755B000739B62 /* Canvas.framework */ = {isa = PBXFileReference; explicitFileType = wrapper.framework; path = Canvas.framework; sourceTree = BUILT_PRODUCTS_DIR; };
		37D011B3204891B600739B62 /* ScreenBoom.entitlements */ = {isa = PBXFileReference; lastKnownFileType = text.plist.entitlements; path = ScreenBoom.entitlements; sourceTree = "<group>"; };
		37D011B4204891BB00739B62 /* CloudKit.framework */ = {isa = PBXFileReference; lastKnownFileType = wrapper.framework; name = CloudKit.framework; path = System/Library/Frameworks/CloudKit.framework; sourceTree = SDKROOT; };
		37D011B620489F2700739B62 /* UserDefaultICloudViewModel.swift */ = {isa = PBXFileReference; lastKnownFileType = sourcecode.swift; path = UserDefaultICloudViewModel.swift; sourceTree = "<group>"; };
		37E8D3FC204F34FF008D83B1 /* ImageUploadManager.swift */ = {isa = PBXFileReference; fileEncoding = 4; lastKnownFileType = sourcecode.swift; path = ImageUploadManager.swift; sourceTree = "<group>"; };
		37E8D3FE204FC0EC008D83B1 /* ScreenBoom-Bridging-Header.h */ = {isa = PBXFileReference; lastKnownFileType = sourcecode.c.h; path = "ScreenBoom-Bridging-Header.h"; sourceTree = "<group>"; };
		37E8D4062051BAF3008D83B1 /* Swift+GIF.swift */ = {isa = PBXFileReference; lastKnownFileType = sourcecode.swift; path = "Swift+GIF.swift"; sourceTree = "<group>"; };
		37E8D410205456E9008D83B1 /* candle1.gif */ = {isa = PBXFileReference; lastKnownFileType = image.gif; name = candle1.gif; path = ../../../GIFImages/candle1.gif; sourceTree = "<group>"; };
		37E8D411205456E9008D83B1 /* flag1.gif */ = {isa = PBXFileReference; lastKnownFileType = image.gif; name = flag1.gif; path = ../../../GIFImages/flag1.gif; sourceTree = "<group>"; };
		37E8D412205456E9008D83B1 /* colors1.gif */ = {isa = PBXFileReference; lastKnownFileType = image.gif; name = colors1.gif; path = ../../../GIFImages/colors1.gif; sourceTree = "<group>"; };
		37E8D413205456E9008D83B1 /* firework1.gif */ = {isa = PBXFileReference; lastKnownFileType = image.gif; name = firework1.gif; path = ../../../GIFImages/firework1.gif; sourceTree = "<group>"; };
		37E8D414205456E9008D83B1 /* firework2.gif */ = {isa = PBXFileReference; lastKnownFileType = image.gif; name = firework2.gif; path = ../../../GIFImages/firework2.gif; sourceTree = "<group>"; };
		37E8D415205456E9008D83B1 /* heart3.gif */ = {isa = PBXFileReference; lastKnownFileType = image.gif; name = heart3.gif; path = ../../../GIFImages/heart3.gif; sourceTree = "<group>"; };
		37E8D416205456EA008D83B1 /* colors2.gif */ = {isa = PBXFileReference; lastKnownFileType = image.gif; name = colors2.gif; path = ../../../GIFImages/colors2.gif; sourceTree = "<group>"; };
		37E8D417205456EA008D83B1 /* birthday1.gif */ = {isa = PBXFileReference; lastKnownFileType = image.gif; name = birthday1.gif; path = ../../../GIFImages/birthday1.gif; sourceTree = "<group>"; };
		37E8D418205456EA008D83B1 /* heart4.gif */ = {isa = PBXFileReference; lastKnownFileType = image.gif; name = heart4.gif; path = ../../../GIFImages/heart4.gif; sourceTree = "<group>"; };
		37E8D419205456EA008D83B1 /* heart1.gif */ = {isa = PBXFileReference; lastKnownFileType = image.gif; name = heart1.gif; path = ../../../GIFImages/heart1.gif; sourceTree = "<group>"; };
		37E8D41A205456EA008D83B1 /* heart2.gif */ = {isa = PBXFileReference; lastKnownFileType = image.gif; name = heart2.gif; path = ../../../GIFImages/heart2.gif; sourceTree = "<group>"; };
		37E8D41B205456EA008D83B1 /* heart5.gif */ = {isa = PBXFileReference; lastKnownFileType = image.gif; name = heart5.gif; path = ../../../GIFImages/heart5.gif; sourceTree = "<group>"; };
		37E8D41C205456EA008D83B1 /* laser1.gif */ = {isa = PBXFileReference; lastKnownFileType = image.gif; name = laser1.gif; path = ../../../GIFImages/laser1.gif; sourceTree = "<group>"; };
		37E8D42A2054A99D008D83B1 /* RightMenuView.swift */ = {isa = PBXFileReference; lastKnownFileType = sourcecode.swift; path = RightMenuView.swift; sourceTree = "<group>"; };
		3955F89CB9F7D991C1B4B357 /* Pods-ScreenBoom.debug.xcconfig */ = {isa = PBXFileReference; includeInIndex = 1; lastKnownFileType = text.xcconfig; name = "Pods-ScreenBoom.debug.xcconfig"; path = "Pods/Target Support Files/Pods-ScreenBoom/Pods-ScreenBoom.debug.xcconfig"; sourceTree = "<group>"; };
		51AE1B3C01A1E00685B958A3 /* Pods-ScreenBoom.release.xcconfig */ = {isa = PBXFileReference; includeInIndex = 1; lastKnownFileType = text.xcconfig; name = "Pods-ScreenBoom.release.xcconfig"; path = "Pods/Target Support Files/Pods-ScreenBoom/Pods-ScreenBoom.release.xcconfig"; sourceTree = "<group>"; };
		FE93307027B98A2F26B9E5C1 /* Pods_ScreenBoom.framework */ = {isa = PBXFileReference; explicitFileType = wrapper.framework; includeInIndex = 0; path = Pods_ScreenBoom.framework; sourceTree = BUILT_PRODUCTS_DIR; };
/* End PBXFileReference section */

/* Begin PBXFrameworksBuildPhase section */
		377B6E99202C026200AFD85C /* Frameworks */ = {
			isa = PBXFrameworksBuildPhase;
			buildActionMask = 2147483647;
			files = (
				37D011B5204891BB00739B62 /* CloudKit.framework in Frameworks */,
				37D011B1204755B000739B62 /* Canvas.framework in Frameworks */,
				96D4D7E981DC8AF308263B0E /* Pods_ScreenBoom.framework in Frameworks */,
			);
			runOnlyForDeploymentPostprocessing = 0;
		};
/* End PBXFrameworksBuildPhase section */

/* Begin PBXGroup section */
		3747C89E203E83D700171FCF /* Protocol */ = {
			isa = PBXGroup;
			children = (
				3747C89F203E840200171FCF /* PlayEventViewModelSourceObserver.swift */,
				3777664A204E0D14006699DD /* DropDownSelectionDelegate.swift */,
				3758DE25205DC0D1004C55A2 /* SetPhotoEventDetailDelegate.swift */,
			);
			path = Protocol;
			sourceTree = "<group>";
		};
		3747C8AB2045C13100171FCF /* Extensions */ = {
			isa = PBXGroup;
			children = (
				377B6F01202FF11B00AFD85C /* String+random.swift */,
				3747C8AE2045C1A800171FCF /* UIView+Anchors.swift */,
				37E8D4062051BAF3008D83B1 /* Swift+GIF.swift */,
			);
			path = Extensions;
			sourceTree = "<group>";
		};
		3747C8B02045F84F00171FCF /* View */ = {
			isa = PBXGroup;
			children = (
				3747C8A5203EA0E600171FCF /* PlayEventView.swift */,
				37776644204DB25F006699DD /* DropDownListButton.swift */,
				37E8D42A2054A99D008D83B1 /* RightMenuView.swift */,
				378AB0B02065B9930074E4B7 /* TextPlayEventView.swift */,
				378AB0B22065B9AA0074E4B7 /* PhotoPlayEventView.swift */,
				378AB0B42065B9BD0074E4B7 /* AnimationPlayEventView.swift */,
			);
			path = View;
			sourceTree = "<group>";
		};
		377B6E93202C026200AFD85C = {
			isa = PBXGroup;
			children = (
				377B6E9E202C026200AFD85C /* ScreenBoom */,
				377B6E9D202C026200AFD85C /* Products */,
				3D81BA7B1C7E52D1DE2C2259 /* Pods */,
				86B48519631E6F15C0017540 /* Frameworks */,
			);
			sourceTree = "<group>";
		};
		377B6E9D202C026200AFD85C /* Products */ = {
			isa = PBXGroup;
			children = (
				377B6E9C202C026200AFD85C /* ScreenBoom.app */,
			);
			name = Products;
			sourceTree = "<group>";
		};
		377B6E9E202C026200AFD85C /* ScreenBoom */ = {
			isa = PBXGroup;
			children = (
				37E8D4032050D433008D83B1 /* AnimationImages */,
				37D011B3204891B600739B62 /* ScreenBoom.entitlements */,
				3747C8B02045F84F00171FCF /* View */,
				3747C8AB2045C13100171FCF /* Extensions */,
				3747C89E203E83D700171FCF /* Protocol */,
				377B6F0A20300DFA00AFD85C /* Model */,
				377B6F072030098400AFD85C /* ViewModel */,
				377B6EB3202C18AA00AFD85C /* ViewController */,
				377B6EB1202C071600AFD85C /* GoogleService-Info.plist */,
				377B6E9F202C026200AFD85C /* AppDelegate.swift */,
				377B6EA3202C026200AFD85C /* Main.storyboard */,
				377B6EA6202C026200AFD85C /* Assets.xcassets */,
				377B6EA8202C026200AFD85C /* LaunchScreen.storyboard */,
				377B6EAB202C026200AFD85C /* Info.plist */,
				37E8D3FE204FC0EC008D83B1 /* ScreenBoom-Bridging-Header.h */,
			);
			path = ScreenBoom;
			sourceTree = "<group>";
		};
		377B6EB3202C18AA00AFD85C /* ViewController */ = {
			isa = PBXGroup;
			children = (
				377B6EA1202C026200AFD85C /* HomeViewController.swift */,
				377B6EB6202C19B800AFD85C /* CreateEventViewContoller.swift */,
				377B6EB8202C1A2A00AFD85C /* JoinEventViewController.swift */,
				377B6EBA202CEC6200AFD85C /* PlayEventViewController.swift */,
				377B6EFF202FE5A500AFD85C /* BaseViewController.swift */,
				377B6F03202FF57800AFD85C /* Colors.swift */,
				377B6F052030027D00AFD85C /* EventDetailViewController.swift */,
				37776648204E0B27006699DD /* PlayPreviewEventViewController.swift */,
				3758DE2720609440004C55A2 /* EditEventDetailViewController.swift */,
				378AB0A42064B65F0074E4B7 /* TextEventDetailViewController.swift */,
				378AB0A62064B6730074E4B7 /* PhotoEventDetailViewController.swift */,
				378AB0A82064B68A0074E4B7 /* AnimationEventDetailViewController.swift */,
				378AB0AA2065A7820074E4B7 /* TextPlayEventViewController.swift */,
				378AB0AC2065A79B0074E4B7 /* PhotoPlayEventViewController.swift */,
				378AB0AE2065A7A80074E4B7 /* AnimationPlayEventViewController.swift */,
			);
			path = ViewController;
			sourceTree = "<group>";
		};
		377B6F072030098400AFD85C /* ViewModel */ = {
			isa = PBXGroup;
			children = (
				377B6F08203009B900AFD85C /* EventViewModel.swift */,
				37C2C5C72039F5AD00032927 /* EventDetailViewModel.swift */,
				3747C8A3203E84C400171FCF /* PlayEventViewModel.swift */,
				3747C8A1203E842900171FCF /* PlayEventViewModelSource.swift */,
				37D011B620489F2700739B62 /* UserDefaultICloudViewModel.swift */,
				37E8D3FC204F34FF008D83B1 /* ImageUploadManager.swift */,
			);
			path = ViewModel;
			sourceTree = "<group>";
		};
		377B6F0A20300DFA00AFD85C /* Model */ = {
			isa = PBXGroup;
			children = (
				377B6F0B20300E1C00AFD85C /* Event.swift */,
				37C2C5C52039F46000032927 /* EventDetail.swift */,
				3747C8A72044724D00171FCF /* ConstantStrings.swift */,
				378AB09E2064B1FE0074E4B7 /* PhotoEventDetail.swift */,
				378AB0A02064B3630074E4B7 /* AnimationEventDetail.swift */,
				378AB0A22064B3700074E4B7 /* TextEventDetail.swift */,
			);
			path = Model;
			sourceTree = "<group>";
		};
		37E8D4032050D433008D83B1 /* AnimationImages */ = {
			isa = PBXGroup;
			children = (
				37E8D417205456EA008D83B1 /* birthday1.gif */,
				37E8D410205456E9008D83B1 /* candle1.gif */,
				37E8D412205456E9008D83B1 /* colors1.gif */,
				37E8D416205456EA008D83B1 /* colors2.gif */,
				37E8D413205456E9008D83B1 /* firework1.gif */,
				37E8D414205456E9008D83B1 /* firework2.gif */,
				37E8D411205456E9008D83B1 /* flag1.gif */,
				37E8D419205456EA008D83B1 /* heart1.gif */,
				37E8D41A205456EA008D83B1 /* heart2.gif */,
				37E8D415205456E9008D83B1 /* heart3.gif */,
				37E8D418205456EA008D83B1 /* heart4.gif */,
				37E8D41B205456EA008D83B1 /* heart5.gif */,
				37E8D41C205456EA008D83B1 /* laser1.gif */,
			);
			path = AnimationImages;
			sourceTree = "<group>";
		};
		3D81BA7B1C7E52D1DE2C2259 /* Pods */ = {
			isa = PBXGroup;
			children = (
				3955F89CB9F7D991C1B4B357 /* Pods-ScreenBoom.debug.xcconfig */,
				51AE1B3C01A1E00685B958A3 /* Pods-ScreenBoom.release.xcconfig */,
			);
			name = Pods;
			sourceTree = "<group>";
		};
		86B48519631E6F15C0017540 /* Frameworks */ = {
			isa = PBXGroup;
			children = (
				37D011B4204891BB00739B62 /* CloudKit.framework */,
				37D011B2204755B000739B62 /* Canvas.framework */,
				FE93307027B98A2F26B9E5C1 /* Pods_ScreenBoom.framework */,
			);
			name = Frameworks;
			sourceTree = "<group>";
		};
/* End PBXGroup section */

/* Begin PBXNativeTarget section */
		377B6E9B202C026200AFD85C /* ScreenBoom */ = {
			isa = PBXNativeTarget;
			buildConfigurationList = 377B6EAE202C026200AFD85C /* Build configuration list for PBXNativeTarget "ScreenBoom" */;
			buildPhases = (
				75036E8116CD53CF76C19C97 /* [CP] Check Pods Manifest.lock */,
				377B6E98202C026200AFD85C /* Sources */,
				377B6E99202C026200AFD85C /* Frameworks */,
				377B6E9A202C026200AFD85C /* Resources */,
				DA78A8F090DFF8E02F2B7C49 /* [CP] Embed Pods Frameworks */,
				BA083BF0B70F53958C9AEFF5 /* [CP] Copy Pods Resources */,
			);
			buildRules = (
			);
			dependencies = (
			);
			name = ScreenBoom;
			productName = ScreenBoom;
			productReference = 377B6E9C202C026200AFD85C /* ScreenBoom.app */;
			productType = "com.apple.product-type.application";
		};
/* End PBXNativeTarget section */

/* Begin PBXProject section */
		377B6E94202C026200AFD85C /* Project object */ = {
			isa = PBXProject;
			attributes = {
				LastSwiftUpdateCheck = 0920;
				LastUpgradeCheck = 0920;
				ORGANIZATIONNAME = WMWiOS;
				TargetAttributes = {
					377B6E9B202C026200AFD85C = {
						CreatedOnToolsVersion = 9.2;
						LastSwiftMigration = 0920;
						ProvisioningStyle = Automatic;
						SystemCapabilities = {
							com.apple.Push = {
								enabled = 1;
							};
							com.apple.iCloud = {
								enabled = 1;
							};
						};
					};
				};
			};
			buildConfigurationList = 377B6E97202C026200AFD85C /* Build configuration list for PBXProject "ScreenBoom" */;
			compatibilityVersion = "Xcode 8.0";
			developmentRegion = en;
			hasScannedForEncodings = 0;
			knownRegions = (
				en,
				Base,
			);
			mainGroup = 377B6E93202C026200AFD85C;
			productRefGroup = 377B6E9D202C026200AFD85C /* Products */;
			projectDirPath = "";
			projectRoot = "";
			targets = (
				377B6E9B202C026200AFD85C /* ScreenBoom */,
			);
		};
/* End PBXProject section */

/* Begin PBXResourcesBuildPhase section */
		377B6E9A202C026200AFD85C /* Resources */ = {
			isa = PBXResourcesBuildPhase;
			buildActionMask = 2147483647;
			files = (
				37E8D41E205456EB008D83B1 /* flag1.gif in Resources */,
				377B6EAA202C026200AFD85C /* LaunchScreen.storyboard in Resources */,
				377B6EB2202C071600AFD85C /* GoogleService-Info.plist in Resources */,
				37E8D427205456EB008D83B1 /* heart2.gif in Resources */,
				37E8D426205456EB008D83B1 /* heart1.gif in Resources */,
				37E8D422205456EB008D83B1 /* heart3.gif in Resources */,
				37E8D429205456EB008D83B1 /* laser1.gif in Resources */,
				37E8D420205456EB008D83B1 /* firework1.gif in Resources */,
				37E8D428205456EB008D83B1 /* heart5.gif in Resources */,
				377B6EA7202C026200AFD85C /* Assets.xcassets in Resources */,
				37E8D421205456EB008D83B1 /* firework2.gif in Resources */,
				37E8D41D205456EB008D83B1 /* candle1.gif in Resources */,
				37E8D41F205456EB008D83B1 /* colors1.gif in Resources */,
				37E8D424205456EB008D83B1 /* birthday1.gif in Resources */,
				37E8D425205456EB008D83B1 /* heart4.gif in Resources */,
				37E8D423205456EB008D83B1 /* colors2.gif in Resources */,
				377B6EA5202C026200AFD85C /* Main.storyboard in Resources */,
			);
			runOnlyForDeploymentPostprocessing = 0;
		};
/* End PBXResourcesBuildPhase section */

/* Begin PBXShellScriptBuildPhase section */
		75036E8116CD53CF76C19C97 /* [CP] Check Pods Manifest.lock */ = {
			isa = PBXShellScriptBuildPhase;
			buildActionMask = 2147483647;
			files = (
			);
			inputPaths = (
			);
			name = "[CP] Check Pods Manifest.lock";
			outputPaths = (
			);
			runOnlyForDeploymentPostprocessing = 0;
			shellPath = /bin/sh;
			shellScript = "diff \"${PODS_ROOT}/../Podfile.lock\" \"${PODS_ROOT}/Manifest.lock\" > /dev/null\nif [ $? != 0 ] ; then\n    # print error to STDERR\n    echo \"error: The sandbox is not in sync with the Podfile.lock. Run 'pod install' or update your CocoaPods installation.\" >&2\n    exit 1\nfi\n";
			showEnvVarsInLog = 0;
		};
		BA083BF0B70F53958C9AEFF5 /* [CP] Copy Pods Resources */ = {
			isa = PBXShellScriptBuildPhase;
			buildActionMask = 2147483647;
			files = (
			);
			inputPaths = (
			);
			name = "[CP] Copy Pods Resources";
			outputPaths = (
			);
			runOnlyForDeploymentPostprocessing = 0;
			shellPath = /bin/sh;
			shellScript = "\"${SRCROOT}/Pods/Target Support Files/Pods-ScreenBoom/Pods-ScreenBoom-resources.sh\"\n";
			showEnvVarsInLog = 0;
		};
		DA78A8F090DFF8E02F2B7C49 /* [CP] Embed Pods Frameworks */ = {
			isa = PBXShellScriptBuildPhase;
			buildActionMask = 2147483647;
			files = (
			);
			inputPaths = (
			);
			name = "[CP] Embed Pods Frameworks";
			outputPaths = (
			);
			runOnlyForDeploymentPostprocessing = 0;
			shellPath = /bin/sh;
			shellScript = "\"${SRCROOT}/Pods/Target Support Files/Pods-ScreenBoom/Pods-ScreenBoom-frameworks.sh\"\n";
			showEnvVarsInLog = 0;
		};
/* End PBXShellScriptBuildPhase section */

/* Begin PBXSourcesBuildPhase section */
		377B6E98202C026200AFD85C /* Sources */ = {
			isa = PBXSourcesBuildPhase;
			buildActionMask = 2147483647;
			files = (
				378AB0A72064B6730074E4B7 /* PhotoEventDetailViewController.swift in Sources */,
				3758DE2820609440004C55A2 /* EditEventDetailViewController.swift in Sources */,
				377B6EA2202C026200AFD85C /* HomeViewController.swift in Sources */,
				378AB0A92064B68A0074E4B7 /* AnimationEventDetailViewController.swift in Sources */,
				37C2C5C62039F46000032927 /* EventDetail.swift in Sources */,
				3747C8A0203E840200171FCF /* PlayEventViewModelSourceObserver.swift in Sources */,
				377B6F0C20300E1C00AFD85C /* Event.swift in Sources */,
				378AB0AB2065A7820074E4B7 /* TextPlayEventViewController.swift in Sources */,
				378AB0B52065B9BD0074E4B7 /* AnimationPlayEventView.swift in Sources */,
				378AB0B12065B9930074E4B7 /* TextPlayEventView.swift in Sources */,
				37E8D3FD204F34FF008D83B1 /* ImageUploadManager.swift in Sources */,
				3747C8A6203EA0E600171FCF /* PlayEventView.swift in Sources */,
				37776649204E0B27006699DD /* PlayPreviewEventViewController.swift in Sources */,
				377B6F04202FF57800AFD85C /* Colors.swift in Sources */,
				378AB09F2064B1FE0074E4B7 /* PhotoEventDetail.swift in Sources */,
				37E8D42B2054A99F008D83B1 /* RightMenuView.swift in Sources */,
				3747C8A2203E842900171FCF /* PlayEventViewModelSource.swift in Sources */,
				3747C8A4203E84C400171FCF /* PlayEventViewModel.swift in Sources */,
				378AB0A32064B3700074E4B7 /* TextEventDetail.swift in Sources */,
				37C2C5C82039F5AD00032927 /* EventDetailViewModel.swift in Sources */,
				378AB0B32065B9AA0074E4B7 /* PhotoPlayEventView.swift in Sources */,
				378AB0AD2065A79B0074E4B7 /* PhotoPlayEventViewController.swift in Sources */,
				378AB0A52064B65F0074E4B7 /* TextEventDetailViewController.swift in Sources */,
				377B6EB9202C1A2A00AFD85C /* JoinEventViewController.swift in Sources */,
				377B6F09203009B900AFD85C /* EventViewModel.swift in Sources */,
				37E8D4072051BAF4008D83B1 /* Swift+GIF.swift in Sources */,
				37D011B720489F2700739B62 /* UserDefaultICloudViewModel.swift in Sources */,
				377B6F062030027D00AFD85C /* EventDetailViewController.swift in Sources */,
				377B6F02202FF11B00AFD85C /* String+random.swift in Sources */,
				378AB0A12064B3630074E4B7 /* AnimationEventDetail.swift in Sources */,
				3747C8A82044724D00171FCF /* ConstantStrings.swift in Sources */,
				3758DE26205DC0D1004C55A2 /* SetPhotoEventDetailDelegate.swift in Sources */,
				3777664B204E0D14006699DD /* DropDownSelectionDelegate.swift in Sources */,
				377B6EB7202C19B800AFD85C /* CreateEventViewContoller.swift in Sources */,
				377B6EBB202CEC6200AFD85C /* PlayEventViewController.swift in Sources */,
				3747C8AF2045C1A800171FCF /* UIView+Anchors.swift in Sources */,
				378AB0AF2065A7A80074E4B7 /* AnimationPlayEventViewController.swift in Sources */,
				377B6EA0202C026200AFD85C /* AppDelegate.swift in Sources */,
				377B6F00202FE5A500AFD85C /* BaseViewController.swift in Sources */,
				37776645204DB260006699DD /* DropDownListButton.swift in Sources */,
			);
			runOnlyForDeploymentPostprocessing = 0;
		};
/* End PBXSourcesBuildPhase section */

/* Begin PBXVariantGroup section */
		377B6EA3202C026200AFD85C /* Main.storyboard */ = {
			isa = PBXVariantGroup;
			children = (
				377B6EA4202C026200AFD85C /* Base */,
			);
			name = Main.storyboard;
			sourceTree = "<group>";
		};
		377B6EA8202C026200AFD85C /* LaunchScreen.storyboard */ = {
			isa = PBXVariantGroup;
			children = (
				377B6EA9202C026200AFD85C /* Base */,
			);
			name = LaunchScreen.storyboard;
			sourceTree = "<group>";
		};
/* End PBXVariantGroup section */

/* Begin XCBuildConfiguration section */
		377B6EAC202C026200AFD85C /* Debug */ = {
			isa = XCBuildConfiguration;
			buildSettings = {
				ALWAYS_SEARCH_USER_PATHS = NO;
				CLANG_ANALYZER_NONNULL = YES;
				CLANG_ANALYZER_NUMBER_OBJECT_CONVERSION = YES_AGGRESSIVE;
				CLANG_CXX_LANGUAGE_STANDARD = "gnu++14";
				CLANG_CXX_LIBRARY = "libc++";
				CLANG_ENABLE_MODULES = YES;
				CLANG_ENABLE_OBJC_ARC = YES;
				CLANG_WARN_BLOCK_CAPTURE_AUTORELEASING = YES;
				CLANG_WARN_BOOL_CONVERSION = YES;
				CLANG_WARN_COMMA = YES;
				CLANG_WARN_CONSTANT_CONVERSION = YES;
				CLANG_WARN_DIRECT_OBJC_ISA_USAGE = YES_ERROR;
				CLANG_WARN_DOCUMENTATION_COMMENTS = YES;
				CLANG_WARN_EMPTY_BODY = YES;
				CLANG_WARN_ENUM_CONVERSION = YES;
				CLANG_WARN_INFINITE_RECURSION = YES;
				CLANG_WARN_INT_CONVERSION = YES;
				CLANG_WARN_NON_LITERAL_NULL_CONVERSION = YES;
				CLANG_WARN_OBJC_LITERAL_CONVERSION = YES;
				CLANG_WARN_OBJC_ROOT_CLASS = YES_ERROR;
				CLANG_WARN_RANGE_LOOP_ANALYSIS = YES;
				CLANG_WARN_STRICT_PROTOTYPES = YES;
				CLANG_WARN_SUSPICIOUS_MOVE = YES;
				CLANG_WARN_UNGUARDED_AVAILABILITY = YES_AGGRESSIVE;
				CLANG_WARN_UNREACHABLE_CODE = YES;
				CLANG_WARN__DUPLICATE_METHOD_MATCH = YES;
				CODE_SIGN_IDENTITY = "iPhone Developer";
				COPY_PHASE_STRIP = NO;
				DEBUG_INFORMATION_FORMAT = dwarf;
				ENABLE_STRICT_OBJC_MSGSEND = YES;
				ENABLE_TESTABILITY = YES;
				GCC_C_LANGUAGE_STANDARD = gnu11;
				GCC_DYNAMIC_NO_PIC = NO;
				GCC_NO_COMMON_BLOCKS = YES;
				GCC_OPTIMIZATION_LEVEL = 0;
				GCC_PREPROCESSOR_DEFINITIONS = (
					"DEBUG=1",
					"$(inherited)",
				);
				GCC_WARN_64_TO_32_BIT_CONVERSION = YES;
				GCC_WARN_ABOUT_RETURN_TYPE = YES_ERROR;
				GCC_WARN_UNDECLARED_SELECTOR = YES;
				GCC_WARN_UNINITIALIZED_AUTOS = YES_AGGRESSIVE;
				GCC_WARN_UNUSED_FUNCTION = YES;
				GCC_WARN_UNUSED_VARIABLE = YES;
				IPHONEOS_DEPLOYMENT_TARGET = 11.2;
				MTL_ENABLE_DEBUG_INFO = YES;
				ONLY_ACTIVE_ARCH = YES;
				SDKROOT = iphoneos;
				SWIFT_ACTIVE_COMPILATION_CONDITIONS = DEBUG;
				SWIFT_OPTIMIZATION_LEVEL = "-Onone";
			};
			name = Debug;
		};
		377B6EAD202C026200AFD85C /* Release */ = {
			isa = XCBuildConfiguration;
			buildSettings = {
				ALWAYS_SEARCH_USER_PATHS = NO;
				CLANG_ANALYZER_NONNULL = YES;
				CLANG_ANALYZER_NUMBER_OBJECT_CONVERSION = YES_AGGRESSIVE;
				CLANG_CXX_LANGUAGE_STANDARD = "gnu++14";
				CLANG_CXX_LIBRARY = "libc++";
				CLANG_ENABLE_MODULES = YES;
				CLANG_ENABLE_OBJC_ARC = YES;
				CLANG_WARN_BLOCK_CAPTURE_AUTORELEASING = YES;
				CLANG_WARN_BOOL_CONVERSION = YES;
				CLANG_WARN_COMMA = YES;
				CLANG_WARN_CONSTANT_CONVERSION = YES;
				CLANG_WARN_DIRECT_OBJC_ISA_USAGE = YES_ERROR;
				CLANG_WARN_DOCUMENTATION_COMMENTS = YES;
				CLANG_WARN_EMPTY_BODY = YES;
				CLANG_WARN_ENUM_CONVERSION = YES;
				CLANG_WARN_INFINITE_RECURSION = YES;
				CLANG_WARN_INT_CONVERSION = YES;
				CLANG_WARN_NON_LITERAL_NULL_CONVERSION = YES;
				CLANG_WARN_OBJC_LITERAL_CONVERSION = YES;
				CLANG_WARN_OBJC_ROOT_CLASS = YES_ERROR;
				CLANG_WARN_RANGE_LOOP_ANALYSIS = YES;
				CLANG_WARN_STRICT_PROTOTYPES = YES;
				CLANG_WARN_SUSPICIOUS_MOVE = YES;
				CLANG_WARN_UNGUARDED_AVAILABILITY = YES_AGGRESSIVE;
				CLANG_WARN_UNREACHABLE_CODE = YES;
				CLANG_WARN__DUPLICATE_METHOD_MATCH = YES;
				CODE_SIGN_IDENTITY = "iPhone Developer";
				COPY_PHASE_STRIP = NO;
				DEBUG_INFORMATION_FORMAT = "dwarf-with-dsym";
				ENABLE_NS_ASSERTIONS = NO;
				ENABLE_STRICT_OBJC_MSGSEND = YES;
				GCC_C_LANGUAGE_STANDARD = gnu11;
				GCC_NO_COMMON_BLOCKS = YES;
				GCC_WARN_64_TO_32_BIT_CONVERSION = YES;
				GCC_WARN_ABOUT_RETURN_TYPE = YES_ERROR;
				GCC_WARN_UNDECLARED_SELECTOR = YES;
				GCC_WARN_UNINITIALIZED_AUTOS = YES_AGGRESSIVE;
				GCC_WARN_UNUSED_FUNCTION = YES;
				GCC_WARN_UNUSED_VARIABLE = YES;
				IPHONEOS_DEPLOYMENT_TARGET = 11.2;
				MTL_ENABLE_DEBUG_INFO = NO;
				SDKROOT = iphoneos;
				SWIFT_OPTIMIZATION_LEVEL = "-Owholemodule";
				VALIDATE_PRODUCT = YES;
			};
			name = Release;
		};
		377B6EAF202C026200AFD85C /* Debug */ = {
			isa = XCBuildConfiguration;
			baseConfigurationReference = 3955F89CB9F7D991C1B4B357 /* Pods-ScreenBoom.debug.xcconfig */;
			buildSettings = {
				ASSETCATALOG_COMPILER_APPICON_NAME = AppIcon;
				CLANG_ENABLE_MODULES = YES;
				CODE_SIGN_ENTITLEMENTS = ScreenBoom/ScreenBoom.entitlements;
				CODE_SIGN_STYLE = Automatic;
				DEVELOPMENT_TEAM = 3VJUDAWR26;
				INFOPLIST_FILE = ScreenBoom/Info.plist;
				IPHONEOS_DEPLOYMENT_TARGET = 11.2;
				LD_RUNPATH_SEARCH_PATHS = "$(inherited) @executable_path/Frameworks";
				PRODUCT_BUNDLE_IDENTIFIER = com.WMWIOS.ScreenBoom;
				PRODUCT_NAME = "$(TARGET_NAME)";
				SWIFT_OBJC_BRIDGING_HEADER = "ScreenBoom/ScreenBoom-Bridging-Header.h";
				SWIFT_OPTIMIZATION_LEVEL = "-Onone";
				SWIFT_SWIFT3_OBJC_INFERENCE = Default;
				SWIFT_VERSION = 4.0;
				TARGETED_DEVICE_FAMILY = "1,2";
			};
			name = Debug;
		};
		377B6EB0202C026200AFD85C /* Release */ = {
			isa = XCBuildConfiguration;
			baseConfigurationReference = 51AE1B3C01A1E00685B958A3 /* Pods-ScreenBoom.release.xcconfig */;
			buildSettings = {
				ASSETCATALOG_COMPILER_APPICON_NAME = AppIcon;
				CLANG_ENABLE_MODULES = YES;
				CODE_SIGN_ENTITLEMENTS = ScreenBoom/ScreenBoom.entitlements;
				CODE_SIGN_STYLE = Automatic;
				DEVELOPMENT_TEAM = 3VJUDAWR26;
				INFOPLIST_FILE = ScreenBoom/Info.plist;
				IPHONEOS_DEPLOYMENT_TARGET = 11.2;
				LD_RUNPATH_SEARCH_PATHS = "$(inherited) @executable_path/Frameworks";
				PRODUCT_BUNDLE_IDENTIFIER = com.WMWIOS.ScreenBoom;
				PRODUCT_NAME = "$(TARGET_NAME)";
				SWIFT_OBJC_BRIDGING_HEADER = "ScreenBoom/ScreenBoom-Bridging-Header.h";
				SWIFT_SWIFT3_OBJC_INFERENCE = Default;
				SWIFT_VERSION = 4.0;
				TARGETED_DEVICE_FAMILY = "1,2";
			};
			name = Release;
		};
/* End XCBuildConfiguration section */

/* Begin XCConfigurationList section */
		377B6E97202C026200AFD85C /* Build configuration list for PBXProject "ScreenBoom" */ = {
			isa = XCConfigurationList;
			buildConfigurations = (
				377B6EAC202C026200AFD85C /* Debug */,
				377B6EAD202C026200AFD85C /* Release */,
			);
			defaultConfigurationIsVisible = 0;
			defaultConfigurationName = Release;
		};
		377B6EAE202C026200AFD85C /* Build configuration list for PBXNativeTarget "ScreenBoom" */ = {
			isa = XCConfigurationList;
			buildConfigurations = (
				377B6EAF202C026200AFD85C /* Debug */,
				377B6EB0202C026200AFD85C /* Release */,
			);
			defaultConfigurationIsVisible = 0;
			defaultConfigurationName = Release;
		};
/* End XCConfigurationList section */
	};
	rootObject = 377B6E94202C026200AFD85C /* Project object */;
}
